// !$*UTF8*$!
{
	archiveVersion = 1;
	classes = {
	};
	objectVersion = 56;
	objects = {

/* Begin PBXBuildFile section */
		67544E2E2B4DA5F1004300C1 /* ToDoList_CoreDataApp.swift in Sources */ = {isa = PBXBuildFile; fileRef = 67544E2D2B4DA5F1004300C1 /* ToDoList_CoreDataApp.swift */; };
		67544E302B4DA5F1004300C1 /* ContentView.swift in Sources */ = {isa = PBXBuildFile; fileRef = 67544E2F2B4DA5F1004300C1 /* ContentView.swift */; };
		67544E322B4DA5F3004300C1 /* Assets.xcassets in Resources */ = {isa = PBXBuildFile; fileRef = 67544E312B4DA5F3004300C1 /* Assets.xcassets */; };
		67544E352B4DA5F3004300C1 /* Preview Assets.xcassets in Resources */ = {isa = PBXBuildFile; fileRef = 67544E342B4DA5F3004300C1 /* Preview Assets.xcassets */; };
		67544E372B4DA5F3004300C1 /* Persistence.swift in Sources */ = {isa = PBXBuildFile; fileRef = 67544E362B4DA5F3004300C1 /* Persistence.swift */; };
		67544E3A2B4DA5F3004300C1 /* ToDoList_CoreData.xcdatamodeld in Sources */ = {isa = PBXBuildFile; fileRef = 67544E382B4DA5F3004300C1 /* ToDoList_CoreData.xcdatamodeld */; };
		67544E412B4DB94E004300C1 /* ToDoAddView.swift in Sources */ = {isa = PBXBuildFile; fileRef = 67544E402B4DB94E004300C1 /* ToDoAddView.swift */; };
		67544E432B4E5625004300C1 /* Extensions.swift in Sources */ = {isa = PBXBuildFile; fileRef = 67544E422B4E5625004300C1 /* Extensions.swift */; };
		67544E452B4E7A8B004300C1 /* CheckBox.swift in Sources */ = {isa = PBXBuildFile; fileRef = 67544E442B4E7A8B004300C1 /* CheckBox.swift */; };
		67544E472B4E7D6B004300C1 /* ViewModel.swift in Sources */ = {isa = PBXBuildFile; fileRef = 67544E462B4E7D6B004300C1 /* ViewModel.swift */; };
		67544E492B4E9111004300C1 /* ListItemView.swift in Sources */ = {isa = PBXBuildFile; fileRef = 67544E482B4E9110004300C1 /* ListItemView.swift */; };
/* End PBXBuildFile section */

/* Begin PBXFileReference section */
		67544E2A2B4DA5F1004300C1 /* ToDoList-CoreData.app */ = {isa = PBXFileReference; explicitFileType = wrapper.application; includeInIndex = 0; path = "ToDoList-CoreData.app"; sourceTree = BUILT_PRODUCTS_DIR; };
		67544E2D2B4DA5F1004300C1 /* ToDoList_CoreDataApp.swift */ = {isa = PBXFileReference; lastKnownFileType = sourcecode.swift; path = ToDoList_CoreDataApp.swift; sourceTree = "<group>"; };
		67544E2F2B4DA5F1004300C1 /* ContentView.swift */ = {isa = PBXFileReference; lastKnownFileType = sourcecode.swift; path = ContentView.swift; sourceTree = "<group>"; };
		67544E312B4DA5F3004300C1 /* Assets.xcassets */ = {isa = PBXFileReference; lastKnownFileType = folder.assetcatalog; path = Assets.xcassets; sourceTree = "<group>"; };
		67544E342B4DA5F3004300C1 /* Preview Assets.xcassets */ = {isa = PBXFileReference; lastKnownFileType = folder.assetcatalog; path = "Preview Assets.xcassets"; sourceTree = "<group>"; };
		67544E362B4DA5F3004300C1 /* Persistence.swift */ = {isa = PBXFileReference; lastKnownFileType = sourcecode.swift; path = Persistence.swift; sourceTree = "<group>"; };
		67544E392B4DA5F3004300C1 /* ToDoList_CoreData.xcdatamodel */ = {isa = PBXFileReference; lastKnownFileType = wrapper.xcdatamodel; path = ToDoList_CoreData.xcdatamodel; sourceTree = "<group>"; };
		67544E402B4DB94E004300C1 /* ToDoAddView.swift */ = {isa = PBXFileReference; lastKnownFileType = sourcecode.swift; path = ToDoAddView.swift; sourceTree = "<group>"; };
		67544E422B4E5625004300C1 /* Extensions.swift */ = {isa = PBXFileReference; lastKnownFileType = sourcecode.swift; path = Extensions.swift; sourceTree = "<group>"; };
		67544E442B4E7A8B004300C1 /* CheckBox.swift */ = {isa = PBXFileReference; lastKnownFileType = sourcecode.swift; path = CheckBox.swift; sourceTree = "<group>"; };
		67544E462B4E7D6B004300C1 /* ViewModel.swift */ = {isa = PBXFileReference; lastKnownFileType = sourcecode.swift; path = ViewModel.swift; sourceTree = "<group>"; };
		67544E482B4E9110004300C1 /* ListItemView.swift */ = {isa = PBXFileReference; lastKnownFileType = sourcecode.swift; path = ListItemView.swift; sourceTree = "<group>"; };
/* End PBXFileReference section */

/* Begin PBXFrameworksBuildPhase section */
		67544E272B4DA5F1004300C1 /* Frameworks */ = {
			isa = PBXFrameworksBuildPhase;
			buildActionMask = 2147483647;
			files = (
			);
			runOnlyForDeploymentPostprocessing = 0;
		};
/* End PBXFrameworksBuildPhase section */

/* Begin PBXGroup section */
		67544E212B4DA5F1004300C1 = {
			isa = PBXGroup;
			children = (
				67544E2C2B4DA5F1004300C1 /* ToDoList-CoreData */,
				67544E2B2B4DA5F1004300C1 /* Products */,
			);
			sourceTree = "<group>";
		};
		67544E2B2B4DA5F1004300C1 /* Products */ = {
			isa = PBXGroup;
			children = (
				67544E2A2B4DA5F1004300C1 /* ToDoList-CoreData.app */,
			);
			name = Products;
			sourceTree = "<group>";
		};
		67544E2C2B4DA5F1004300C1 /* ToDoList-CoreData */ = {
			isa = PBXGroup;
			children = (
				67544E4A2B4EA7FB004300C1 /* DataController */,
				67544E2D2B4DA5F1004300C1 /* ToDoList_CoreDataApp.swift */,
				67544E2F2B4DA5F1004300C1 /* ContentView.swift */,
				67544E312B4DA5F3004300C1 /* Assets.xcassets */,
				67544E402B4DB94E004300C1 /* ToDoAddView.swift */,
				67544E462B4E7D6B004300C1 /* ViewModel.swift */,
				67544E422B4E5625004300C1 /* Extensions.swift */,
				67544E442B4E7A8B004300C1 /* CheckBox.swift */,
				67544E482B4E9110004300C1 /* ListItemView.swift */,
				67544E332B4DA5F3004300C1 /* Preview Content */,
			);
			path = "ToDoList-CoreData";
			sourceTree = "<group>";
		};
		67544E332B4DA5F3004300C1 /* Preview Content */ = {
			isa = PBXGroup;
			children = (
				67544E342B4DA5F3004300C1 /* Preview Assets.xcassets */,
			);
			path = "Preview Content";
			sourceTree = "<group>";
		};
		67544E4A2B4EA7FB004300C1 /* DataController */ = {
			isa = PBXGroup;
			children = (
				67544E362B4DA5F3004300C1 /* Persistence.swift */,
				67544E382B4DA5F3004300C1 /* ToDoList_CoreData.xcdatamodeld */,
			);
			path = DataController;
			sourceTree = "<group>";
		};
/* End PBXGroup section */

/* Begin PBXNativeTarget section */
		67544E292B4DA5F1004300C1 /* ToDoList-CoreData */ = {
			isa = PBXNativeTarget;
			buildConfigurationList = 67544E3D2B4DA5F3004300C1 /* Build configuration list for PBXNativeTarget "ToDoList-CoreData" */;
			buildPhases = (
				67544E262B4DA5F1004300C1 /* Sources */,
				67544E272B4DA5F1004300C1 /* Frameworks */,
				67544E282B4DA5F1004300C1 /* Resources */,
			);
			buildRules = (
			);
			dependencies = (
			);
			name = "ToDoList-CoreData";
			productName = "ToDoList-CoreData";
			productReference = 67544E2A2B4DA5F1004300C1 /* ToDoList-CoreData.app */;
			productType = "com.apple.product-type.application";
		};
/* End PBXNativeTarget section */

/* Begin PBXProject section */
		67544E222B4DA5F1004300C1 /* Project object */ = {
			isa = PBXProject;
			attributes = {
				BuildIndependentTargetsInParallel = 1;
				LastSwiftUpdateCheck = 1500;
				LastUpgradeCheck = 1500;
				TargetAttributes = {
					67544E292B4DA5F1004300C1 = {
						CreatedOnToolsVersion = 15.0.1;
					};
				};
			};
			buildConfigurationList = 67544E252B4DA5F1004300C1 /* Build configuration list for PBXProject "ToDoList-CoreData" */;
			compatibilityVersion = "Xcode 14.0";
			developmentRegion = en;
			hasScannedForEncodings = 0;
			knownRegions = (
				en,
				Base,
			);
			mainGroup = 67544E212B4DA5F1004300C1;
			productRefGroup = 67544E2B2B4DA5F1004300C1 /* Products */;
			projectDirPath = "";
			projectRoot = "";
			targets = (
				67544E292B4DA5F1004300C1 /* ToDoList-CoreData */,
			);
		};
/* End PBXProject section */

/* Begin PBXResourcesBuildPhase section */
		67544E282B4DA5F1004300C1 /* Resources */ = {
			isa = PBXResourcesBuildPhase;
			buildActionMask = 2147483647;
			files = (
				67544E352B4DA5F3004300C1 /* Preview Assets.xcassets in Resources */,
				67544E322B4DA5F3004300C1 /* Assets.xcassets in Resources */,
			);
			runOnlyForDeploymentPostprocessing = 0;
		};
/* End PBXResourcesBuildPhase section */

/* Begin PBXSourcesBuildPhase section */
		67544E262B4DA5F1004300C1 /* Sources */ = {
			isa = PBXSourcesBuildPhase;
			buildActionMask = 2147483647;
			files = (
				67544E492B4E9111004300C1 /* ListItemView.swift in Sources */,
				67544E372B4DA5F3004300C1 /* Persistence.swift in Sources */,
				67544E432B4E5625004300C1 /* Extensions.swift in Sources */,
				67544E412B4DB94E004300C1 /* ToDoAddView.swift in Sources */,
				67544E452B4E7A8B004300C1 /* CheckBox.swift in Sources */,
				67544E302B4DA5F1004300C1 /* ContentView.swift in Sources */,
				67544E3A2B4DA5F3004300C1 /* ToDoList_CoreData.xcdatamodeld in Sources */,
				67544E472B4E7D6B004300C1 /* ViewModel.swift in Sources */,
				67544E2E2B4DA5F1004300C1 /* ToDoList_CoreDataApp.swift in Sources */,
			);
			runOnlyForDeploymentPostprocessing = 0;
		};
/* End PBXSourcesBuildPhase section */

/* Begin XCBuildConfiguration section */
		67544E3B2B4DA5F3004300C1 /* Debug */ = {
			isa = XCBuildConfiguration;
			buildSettings = {
				ALWAYS_SEARCH_USER_PATHS = NO;
				ASSETCATALOG_COMPILER_GENERATE_SWIFT_ASSET_SYMBOL_EXTENSIONS = YES;
				CLANG_ANALYZER_NONNULL = YES;
				CLANG_ANALYZER_NUMBER_OBJECT_CONVERSION = YES_AGGRESSIVE;
				CLANG_CXX_LANGUAGE_STANDARD = "gnu++20";
				CLANG_ENABLE_MODULES = YES;
				CLANG_ENABLE_OBJC_ARC = YES;
				CLANG_ENABLE_OBJC_WEAK = YES;
				CLANG_WARN_BLOCK_CAPTURE_AUTORELEASING = YES;
				CLANG_WARN_BOOL_CONVERSION = YES;
				CLANG_WARN_COMMA = YES;
				CLANG_WARN_CONSTANT_CONVERSION = YES;
				CLANG_WARN_DEPRECATED_OBJC_IMPLEMENTATIONS = YES;
				CLANG_WARN_DIRECT_OBJC_ISA_USAGE = YES_ERROR;
				CLANG_WARN_DOCUMENTATION_COMMENTS = YES;
				CLANG_WARN_EMPTY_BODY = YES;
				CLANG_WARN_ENUM_CONVERSION = YES;
				CLANG_WARN_INFINITE_RECURSION = YES;
				CLANG_WARN_INT_CONVERSION = YES;
				CLANG_WARN_NON_LITERAL_NULL_CONVERSION = YES;
				CLANG_WARN_OBJC_IMPLICIT_RETAIN_SELF = YES;
				CLANG_WARN_OBJC_LITERAL_CONVERSION = YES;
				CLANG_WARN_OBJC_ROOT_CLASS = YES_ERROR;
				CLANG_WARN_QUOTED_INCLUDE_IN_FRAMEWORK_HEADER = YES;
				CLANG_WARN_RANGE_LOOP_ANALYSIS = YES;
				CLANG_WARN_STRICT_PROTOTYPES = YES;
				CLANG_WARN_SUSPICIOUS_MOVE = YES;
				CLANG_WARN_UNGUARDED_AVAILABILITY = YES_AGGRESSIVE;
				CLANG_WARN_UNREACHABLE_CODE = YES;
				CLANG_WARN__DUPLICATE_METHOD_MATCH = YES;
				COPY_PHASE_STRIP = NO;
				DEBUG_INFORMATION_FORMAT = dwarf;
				ENABLE_STRICT_OBJC_MSGSEND = YES;
				ENABLE_TESTABILITY = YES;
				ENABLE_USER_SCRIPT_SANDBOXING = YES;
				GCC_C_LANGUAGE_STANDARD = gnu17;
				GCC_DYNAMIC_NO_PIC = NO;
				GCC_NO_COMMON_BLOCKS = YES;
				GCC_OPTIMIZATION_LEVEL = 0;
				GCC_PREPROCESSOR_DEFINITIONS = (
					"DEBUG=1",
					"$(inherited)",
				);
				GCC_WARN_64_TO_32_BIT_CONVERSION = YES;
				GCC_WARN_ABOUT_RETURN_TYPE = YES_ERROR;
				GCC_WARN_UNDECLARED_SELECTOR = YES;
				GCC_WARN_UNINITIALIZED_AUTOS = YES_AGGRESSIVE;
				GCC_WARN_UNUSED_FUNCTION = YES;
				GCC_WARN_UNUSED_VARIABLE = YES;
				IPHONEOS_DEPLOYMENT_TARGET = 17.0;
				LOCALIZATION_PREFERS_STRING_CATALOGS = YES;
				MTL_ENABLE_DEBUG_INFO = INCLUDE_SOURCE;
				MTL_FAST_MATH = YES;
				ONLY_ACTIVE_ARCH = YES;
				SDKROOT = iphoneos;
				SWIFT_ACTIVE_COMPILATION_CONDITIONS = "DEBUG $(inherited)";
				SWIFT_OPTIMIZATION_LEVEL = "-Onone";
			};
			name = Debug;
		};
		67544E3C2B4DA5F3004300C1 /* Release */ = {
			isa = XCBuildConfiguration;
			buildSettings = {
				ALWAYS_SEARCH_USER_PATHS = NO;
				ASSETCATALOG_COMPILER_GENERATE_SWIFT_ASSET_SYMBOL_EXTENSIONS = YES;
				CLANG_ANALYZER_NONNULL = YES;
				CLANG_ANALYZER_NUMBER_OBJECT_CONVERSION = YES_AGGRESSIVE;
				CLANG_CXX_LANGUAGE_STANDARD = "gnu++20";
				CLANG_ENABLE_MODULES = YES;
				CLANG_ENABLE_OBJC_ARC = YES;
				CLANG_ENABLE_OBJC_WEAK = YES;
				CLANG_WARN_BLOCK_CAPTURE_AUTORELEASING = YES;
				CLANG_WARN_BOOL_CONVERSION = YES;
				CLANG_WARN_COMMA = YES;
				CLANG_WARN_CONSTANT_CONVERSION = YES;
				CLANG_WARN_DEPRECATED_OBJC_IMPLEMENTATIONS = YES;
				CLANG_WARN_DIRECT_OBJC_ISA_USAGE = YES_ERROR;
				CLANG_WARN_DOCUMENTATION_COMMENTS = YES;
				CLANG_WARN_EMPTY_BODY = YES;
				CLANG_WARN_ENUM_CONVERSION = YES;
				CLANG_WARN_INFINITE_RECURSION = YES;
				CLANG_WARN_INT_CONVERSION = YES;
				CLANG_WARN_NON_LITERAL_NULL_CONVERSION = YES;
				CLANG_WARN_OBJC_IMPLICIT_RETAIN_SELF = YES;
				CLANG_WARN_OBJC_LITERAL_CONVERSION = YES;
				CLANG_WARN_OBJC_ROOT_CLASS = YES_ERROR;
				CLANG_WARN_QUOTED_INCLUDE_IN_FRAMEWORK_HEADER = YES;
				CLANG_WARN_RANGE_LOOP_ANALYSIS = YES;
				CLANG_WARN_STRICT_PROTOTYPES = YES;
				CLANG_WARN_SUSPICIOUS_MOVE = YES;
				CLANG_WARN_UNGUARDED_AVAILABILITY = YES_AGGRESSIVE;
				CLANG_WARN_UNREACHABLE_CODE = YES;
				CLANG_WARN__DUPLICATE_METHOD_MATCH = YES;
				COPY_PHASE_STRIP = NO;
				DEBUG_INFORMATION_FORMAT = "dwarf-with-dsym";
				ENABLE_NS_ASSERTIONS = NO;
				ENABLE_STRICT_OBJC_MSGSEND = YES;
				ENABLE_USER_SCRIPT_SANDBOXING = YES;
				GCC_C_LANGUAGE_STANDARD = gnu17;
				GCC_NO_COMMON_BLOCKS = YES;
				GCC_WARN_64_TO_32_BIT_CONVERSION = YES;
				GCC_WARN_ABOUT_RETURN_TYPE = YES_ERROR;
				GCC_WARN_UNDECLARED_SELECTOR = YES;
				GCC_WARN_UNINITIALIZED_AUTOS = YES_AGGRESSIVE;
				GCC_WARN_UNUSED_FUNCTION = YES;
				GCC_WARN_UNUSED_VARIABLE = YES;
				IPHONEOS_DEPLOYMENT_TARGET = 17.0;
				LOCALIZATION_PREFERS_STRING_CATALOGS = YES;
				MTL_ENABLE_DEBUG_INFO = NO;
				MTL_FAST_MATH = YES;
				SDKROOT = iphoneos;
				SWIFT_COMPILATION_MODE = wholemodule;
				VALIDATE_PRODUCT = YES;
			};
			name = Release;
		};
		67544E3E2B4DA5F3004300C1 /* Debug */ = {
			isa = XCBuildConfiguration;
			buildSettings = {
				ASSETCATALOG_COMPILER_APPICON_NAME = AppIcon;
				ASSETCATALOG_COMPILER_GLOBAL_ACCENT_COLOR_NAME = AccentColor;
				CODE_SIGN_STYLE = Automatic;
				CURRENT_PROJECT_VERSION = 1;
				DEVELOPMENT_ASSET_PATHS = "\"ToDoList-CoreData/Preview Content\"";
				DEVELOPMENT_TEAM = 49893UM4W9;
				ENABLE_PREVIEWS = YES;
				GENERATE_INFOPLIST_FILE = YES;
				INFOPLIST_KEY_UIApplicationSceneManifest_Generation = YES;
				INFOPLIST_KEY_UIApplicationSupportsIndirectInputEvents = YES;
				INFOPLIST_KEY_UILaunchScreen_Generation = YES;
				INFOPLIST_KEY_UISupportedInterfaceOrientations_iPad = "UIInterfaceOrientationPortrait UIInterfaceOrientationPortraitUpsideDown UIInterfaceOrientationLandscapeLeft UIInterfaceOrientationLandscapeRight";
				INFOPLIST_KEY_UISupportedInterfaceOrientations_iPhone = "UIInterfaceOrientationPortrait UIInterfaceOrientationLandscapeLeft UIInterfaceOrientationLandscapeRight";
				IPHONEOS_DEPLOYMENT_TARGET = 16.0;
				LD_RUNPATH_SEARCH_PATHS = (
					"$(inherited)",
					"@executable_path/Frameworks",
				);
				MARKETING_VERSION = 1.0;
				PRODUCT_BUNDLE_IDENTIFIER = "com.kusal.ToDoList-CoreData";
				PRODUCT_NAME = "$(TARGET_NAME)";
				SWIFT_EMIT_LOC_STRINGS = YES;
				SWIFT_VERSION = 5.0;
				TARGETED_DEVICE_FAMILY = "1,2";
			};
			name = Debug;
		};
		67544E3F2B4DA5F3004300C1 /* Release */ = {
			isa = XCBuildConfiguration;
			buildSettings = {
				ASSETCATALOG_COMPILER_APPICON_NAME = AppIcon;
				ASSETCATALOG_COMPILER_GLOBAL_ACCENT_COLOR_NAME = AccentColor;
				CODE_SIGN_STYLE = Automatic;
				CURRENT_PROJECT_VERSION = 1;
				DEVELOPMENT_ASSET_PATHS = "\"ToDoList-CoreData/Preview Content\"";
				DEVELOPMENT_TEAM = 49893UM4W9;
				ENABLE_PREVIEWS = YES;
				GENERATE_INFOPLIST_FILE = YES;
				INFOPLIST_KEY_UIApplicationSceneManifest_Generation = YES;
				INFOPLIST_KEY_UIApplicationSupportsIndirectInputEvents = YES;
				INFOPLIST_KEY_UILaunchScreen_Generation = YES;
				INFOPLIST_KEY_UISupportedInterfaceOrientations_iPad = "UIInterfaceOrientationPortrait UIInterfaceOrientationPortraitUpsideDown UIInterfaceOrientationLandscapeLeft UIInterfaceOrientationLandscapeRight";
				INFOPLIST_KEY_UISupportedInterfaceOrientations_iPhone = "UIInterfaceOrientationPortrait UIInterfaceOrientationLandscapeLeft UIInterfaceOrientationLandscapeRight";
				IPHONEOS_DEPLOYMENT_TARGET = 16.0;
				LD_RUNPATH_SEARCH_PATHS = (
					"$(inherited)",
					"@executable_path/Frameworks",
				);
				MARKETING_VERSION = 1.0;
				PRODUCT_BUNDLE_IDENTIFIER = "com.kusal.ToDoList-CoreData";
				PRODUCT_NAME = "$(TARGET_NAME)";
				SWIFT_EMIT_LOC_STRINGS = YES;
				SWIFT_VERSION = 5.0;
				TARGETED_DEVICE_FAMILY = "1,2";
			};
			name = Release;
		};
/* End XCBuildConfiguration section */

/* Begin XCConfigurationList section */
		67544E252B4DA5F1004300C1 /* Build configuration list for PBXProject "ToDoList-CoreData" */ = {
			isa = XCConfigurationList;
			buildConfigurations = (
				67544E3B2B4DA5F3004300C1 /* Debug */,
				67544E3C2B4DA5F3004300C1 /* Release */,
			);
			defaultConfigurationIsVisible = 0;
			defaultConfigurationName = Release;
		};
		67544E3D2B4DA5F3004300C1 /* Build configuration list for PBXNativeTarget "ToDoList-CoreData" */ = {
			isa = XCConfigurationList;
			buildConfigurations = (
				67544E3E2B4DA5F3004300C1 /* Debug */,
				67544E3F2B4DA5F3004300C1 /* Release */,
			);
			defaultConfigurationIsVisible = 0;
			defaultConfigurationName = Release;
		};
/* End XCConfigurationList section */

/* Begin XCVersionGroup section */
		67544E382B4DA5F3004300C1 /* ToDoList_CoreData.xcdatamodeld */ = {
			isa = XCVersionGroup;
			children = (
				67544E392B4DA5F3004300C1 /* ToDoList_CoreData.xcdatamodel */,
			);
			currentVersion = 67544E392B4DA5F3004300C1 /* ToDoList_CoreData.xcdatamodel */;
			path = ToDoList_CoreData.xcdatamodeld;
			sourceTree = "<group>";
			versionGroupType = wrapper.xcdatamodel;
		};
/* End XCVersionGroup section */
	};
	rootObject = 67544E222B4DA5F1004300C1 /* Project object */;
}
